// !$*UTF8*$!
{
	archiveVersion = 1;
	classes = {
	};
	objectVersion = 50;
	objects = {

/* Begin PBXBuildFile section */
		54ABBDB220B51A440083ED10 /* AppDelegate.swift in Sources */ = {isa = PBXBuildFile; fileRef = 54ABBDB120B51A440083ED10 /* AppDelegate.swift */; };
		54ABBDB420B51A440083ED10 /* TodoListViewController.swift in Sources */ = {isa = PBXBuildFile; fileRef = 54ABBDB320B51A440083ED10 /* TodoListViewController.swift */; };
		54ABBDB720B51A440083ED10 /* Main.storyboard in Resources */ = {isa = PBXBuildFile; fileRef = 54ABBDB520B51A440083ED10 /* Main.storyboard */; };
		54ABBDB920B51A450083ED10 /* Assets.xcassets in Resources */ = {isa = PBXBuildFile; fileRef = 54ABBDB820B51A450083ED10 /* Assets.xcassets */; };
		54ABBDBC20B51A450083ED10 /* LaunchScreen.storyboard in Resources */ = {isa = PBXBuildFile; fileRef = 54ABBDBA20B51A450083ED10 /* LaunchScreen.storyboard */; };
		54C916F620B7CFBF0011F6EA /* item.swift in Sources */ = {isa = PBXBuildFile; fileRef = 54C916F520B7CFBF0011F6EA /* item.swift */; };
/* End PBXBuildFile section */

/* Begin PBXFileReference section */
		54ABBDAE20B51A440083ED10 /* Todoey.app */ = {isa = PBXFileReference; explicitFileType = wrapper.application; includeInIndex = 0; path = Todoey.app; sourceTree = BUILT_PRODUCTS_DIR; };
		54ABBDB120B51A440083ED10 /* AppDelegate.swift */ = {isa = PBXFileReference; lastKnownFileType = sourcecode.swift; path = AppDelegate.swift; sourceTree = "<group>"; };
		54ABBDB320B51A440083ED10 /* TodoListViewController.swift */ = {isa = PBXFileReference; lastKnownFileType = sourcecode.swift; path = TodoListViewController.swift; sourceTree = "<group>"; };
		54ABBDB620B51A440083ED10 /* Base */ = {isa = PBXFileReference; lastKnownFileType = file.storyboard; name = Base; path = Base.lproj/Main.storyboard; sourceTree = "<group>"; };
		54ABBDB820B51A450083ED10 /* Assets.xcassets */ = {isa = PBXFileReference; lastKnownFileType = folder.assetcatalog; path = Assets.xcassets; sourceTree = "<group>"; };
		54ABBDBB20B51A450083ED10 /* Base */ = {isa = PBXFileReference; lastKnownFileType = file.storyboard; name = Base; path = Base.lproj/LaunchScreen.storyboard; sourceTree = "<group>"; };
		54ABBDBD20B51A450083ED10 /* Info.plist */ = {isa = PBXFileReference; lastKnownFileType = text.plist.xml; path = Info.plist; sourceTree = "<group>"; };
		54C916F520B7CFBF0011F6EA /* item.swift */ = {isa = PBXFileReference; lastKnownFileType = sourcecode.swift; path = item.swift; sourceTree = "<group>"; };
/* End PBXFileReference section */

/* Begin PBXFrameworksBuildPhase section */
		54ABBDAB20B51A440083ED10 /* Frameworks */ = {
			isa = PBXFrameworksBuildPhase;
			buildActionMask = 2147483647;
			files = (
			);
			runOnlyForDeploymentPostprocessing = 0;
		};
/* End PBXFrameworksBuildPhase section */

/* Begin PBXGroup section */
		54ABBDA520B51A440083ED10 = {
			isa = PBXGroup;
			children = (
				54ABBDB020B51A440083ED10 /* Todoey */,
				54ABBDAF20B51A440083ED10 /* Products */,
			);
			sourceTree = "<group>";
		};
		54ABBDAF20B51A440083ED10 /* Products */ = {
			isa = PBXGroup;
			children = (
				54ABBDAE20B51A440083ED10 /* Todoey.app */,
			);
			name = Products;
			sourceTree = "<group>";
		};
		54ABBDB020B51A440083ED10 /* Todoey */ = {
			isa = PBXGroup;
			children = (
				54ABBDB120B51A440083ED10 /* AppDelegate.swift */,
				54C916F920B7D0710011F6EA /* Views */,
				54C916F820B7D05E0011F6EA /* Controllers */,
				54C916F720B7D0530011F6EA /* DataModel */,
				54C916FA20B7D0DF0011F6EA /* Support Files */,
				54ABBDBD20B51A450083ED10 /* Info.plist */,
			);
			path = Todoey;
			sourceTree = "<group>";
		};
		54C916F720B7D0530011F6EA /* DataModel */ = {
			isa = PBXGroup;
			children = (
				54C916F520B7CFBF0011F6EA /* item.swift */,
			);
			path = DataModel;
			sourceTree = "<group>";
		};
		54C916F820B7D05E0011F6EA /* Controllers */ = {
			isa = PBXGroup;
			children = (
				54ABBDB320B51A440083ED10 /* TodoListViewController.swift */,
			);
			path = Controllers;
			sourceTree = "<group>";
		};
		54C916F920B7D0710011F6EA /* Views */ = {
			isa = PBXGroup;
			children = (
				54ABBDB520B51A440083ED10 /* Main.storyboard */,
			);
			path = Views;
			sourceTree = "<group>";
		};
		54C916FA20B7D0DF0011F6EA /* Support Files */ = {
			isa = PBXGroup;
			children = (
				54ABBDB820B51A450083ED10 /* Assets.xcassets */,
				54ABBDBA20B51A450083ED10 /* LaunchScreen.storyboard */,
			);
			path = "Support Files";
			sourceTree = "<group>";
		};
/* End PBXGroup section */

/* Begin PBXNativeTarget section */
		54ABBDAD20B51A440083ED10 /* Todoey */ = {
			isa = PBXNativeTarget;
			buildConfigurationList = 54ABBDC020B51A450083ED10 /* Build configuration list for PBXNativeTarget "Todoey" */;
			buildPhases = (
				54ABBDAA20B51A440083ED10 /* Sources */,
				54ABBDAB20B51A440083ED10 /* Frameworks */,
				54ABBDAC20B51A440083ED10 /* Resources */,
			);
			buildRules = (
			);
			dependencies = (
			);
			name = Todoey;
			productName = Todoey;
			productReference = 54ABBDAE20B51A440083ED10 /* Todoey.app */;
			productType = "com.apple.product-type.application";
		};
/* End PBXNativeTarget section */

/* Begin PBXProject section */
		54ABBDA620B51A440083ED10 /* Project object */ = {
			isa = PBXProject;
			attributes = {
				LastSwiftUpdateCheck = 0930;
				LastUpgradeCheck = 0930;
				ORGANIZATIONNAME = "Warren Tsai";
				TargetAttributes = {
					54ABBDAD20B51A440083ED10 = {
						CreatedOnToolsVersion = 9.3.1;
					};
				};
			};
			buildConfigurationList = 54ABBDA920B51A440083ED10 /* Build configuration list for PBXProject "Todoey" */;
			compatibilityVersion = "Xcode 9.3";
			developmentRegion = en;
			hasScannedForEncodings = 0;
			knownRegions = (
				en,
				Base,
			);
			mainGroup = 54ABBDA520B51A440083ED10;
			productRefGroup = 54ABBDAF20B51A440083ED10 /* Products */;
			projectDirPath = "";
			projectRoot = "";
			targets = (
				54ABBDAD20B51A440083ED10 /* Todoey */,
			);
		};
/* End PBXProject section */

/* Begin PBXResourcesBuildPhase section */
		54ABBDAC20B51A440083ED10 /* Resources */ = {
			isa = PBXResourcesBuildPhase;
			buildActionMask = 2147483647;
			files = (
				54ABBDBC20B51A450083ED10 /* LaunchScreen.storyboard in Resources */,
				54ABBDB920B51A450083ED10 /* Assets.xcassets in Resources */,
				54ABBDB720B51A440083ED10 /* Main.storyboard in Resources */,
			);
			runOnlyForDeploymentPostprocessing = 0;
		};
/* End PBXResourcesBuildPhase section */

/* Begin PBXSourcesBuildPhase section */
		54ABBDAA20B51A440083ED10 /* Sources */ = {
			isa = PBXSourcesBuildPhase;
			buildActionMask = 2147483647;
			files = (
				54C916F620B7CFBF0011F6EA /* item.swift in Sources */,
				54ABBDB420B51A440083ED10 /* TodoListViewController.swift in Sources */,
				54ABBDB220B51A440083ED10 /* AppDelegate.swift in Sources */,
			);
			runOnlyForDeploymentPostprocessing = 0;
		};
/* End PBXSourcesBuildPhase section */

/* Begin PBXVariantGroup section */
		54ABBDB520B51A440083ED10 /* Main.storyboard */ = {
			isa = PBXVariantGroup;
			children = (
				54ABBDB620B51A440083ED10 /* Base */,
			);
			name = Main.storyboard;
			sourceTree = "<group>";
		};
		54ABBDBA20B51A450083ED10 /* LaunchScreen.storyboard */ = {
			isa = PBXVariantGroup;
			children = (
				54ABBDBB20B51A450083ED10 /* Base */,
			);
			name = LaunchScreen.storyboard;
			sourceTree = "<group>";
		};
/* End PBXVariantGroup section */

/* Begin XCBuildConfiguration section */
		54ABBDBE20B51A450083ED10 /* Debug */ = {
			isa = XCBuildConfiguration;
			buildSettings = {
				ALWAYS_SEARCH_USER_PATHS = NO;
				CLANG_ANALYZER_NONNULL = YES;
				CLANG_ANALYZER_NUMBER_OBJECT_CONVERSION = YES_AGGRESSIVE;
				CLANG_CXX_LANGUAGE_STANDARD = "gnu++14";
				CLANG_CXX_LIBRARY = "libc++";
				CLANG_ENABLE_MODULES = YES;
				CLANG_ENABLE_OBJC_ARC = YES;
				CLANG_ENABLE_OBJC_WEAK = YES;
				CLANG_WARN_BLOCK_CAPTURE_AUTORELEASING = YES;
				CLANG_WARN_BOOL_CONVERSION = YES;
				CLANG_WARN_COMMA = YES;
				CLANG_WARN_CONSTANT_CONVERSION = YES;
				CLANG_WARN_DEPRECATED_OBJC_IMPLEMENTATIONS = YES;
				CLANG_WARN_DIRECT_OBJC_ISA_USAGE = YES_ERROR;
				CLANG_WARN_DOCUMENTATION_COMMENTS = YES;
				CLANG_WARN_EMPTY_BODY = YES;
				CLANG_WARN_ENUM_CONVERSION = YES;
				CLANG_WARN_INFINITE_RECURSION = YES;
				CLANG_WARN_INT_CONVERSION = YES;
				CLANG_WARN_NON_LITERAL_NULL_CONVERSION = YES;
				CLANG_WARN_OBJC_IMPLICIT_RETAIN_SELF = YES;
				CLANG_WARN_OBJC_LITERAL_CONVERSION = YES;
				CLANG_WARN_OBJC_ROOT_CLASS = YES_ERROR;
				CLANG_WARN_RANGE_LOOP_ANALYSIS = YES;
				CLANG_WARN_STRICT_PROTOTYPES = YES;
				CLANG_WARN_SUSPICIOUS_MOVE = YES;
				CLANG_WARN_UNGUARDED_AVAILABILITY = YES_AGGRESSIVE;
				CLANG_WARN_UNREACHABLE_CODE = YES;
				CLANG_WARN__DUPLICATE_METHOD_MATCH = YES;
				CODE_SIGN_IDENTITY = "iPhone Developer";
				COPY_PHASE_STRIP = NO;
				DEBUG_INFORMATION_FORMAT = dwarf;
				ENABLE_STRICT_OBJC_MSGSEND = YES;
				ENABLE_TESTABILITY = YES;
				GCC_C_LANGUAGE_STANDARD = gnu11;
				GCC_DYNAMIC_NO_PIC = NO;
				GCC_NO_COMMON_BLOCKS = YES;
				GCC_OPTIMIZATION_LEVEL = 0;
				GCC_PREPROCESSOR_DEFINITIONS = (
					"DEBUG=1",
					"$(inherited)",
				);
				GCC_WARN_64_TO_32_BIT_CONVERSION = YES;
				GCC_WARN_ABOUT_RETURN_TYPE = YES_ERROR;
				GCC_WARN_UNDECLARED_SELECTOR = YES;
				GCC_WARN_UNINITIALIZED_AUTOS = YES_AGGRESSIVE;
				GCC_WARN_UNUSED_FUNCTION = YES;
				GCC_WARN_UNUSED_VARIABLE = YES;
				IPHONEOS_DEPLOYMENT_TARGET = 11.3;
				MTL_ENABLE_DEBUG_INFO = YES;
				ONLY_ACTIVE_ARCH = YES;
				SDKROOT = iphoneos;
				SWIFT_ACTIVE_COMPILATION_CONDITIONS = DEBUG;
				SWIFT_OPTIMIZATION_LEVEL = "-Onone";
			};
			name = Debug;
		};
		54ABBDBF20B51A450083ED10 /* Release */ = {
			isa = XCBuildConfiguration;
			buildSettings = {
				ALWAYS_SEARCH_USER_PATHS = NO;
				CLANG_ANALYZER_NONNULL = YES;
				CLANG_ANALYZER_NUMBER_OBJECT_CONVERSION = YES_AGGRESSIVE;
				CLANG_CXX_LANGUAGE_STANDARD = "gnu++14";
				CLANG_CXX_LIBRARY = "libc++";
				CLANG_ENABLE_MODULES = YES;
				CLANG_ENABLE_OBJC_ARC = YES;
				CLANG_ENABLE_OBJC_WEAK = YES;
				CLANG_WARN_BLOCK_CAPTURE_AUTORELEASING = YES;
				CLANG_WARN_BOOL_CONVERSION = YES;
				CLANG_WARN_COMMA = YES;
				CLANG_WARN_CONSTANT_CONVERSION = YES;
				CLANG_WARN_DEPRECATED_OBJC_IMPLEMENTATIONS = YES;
				CLANG_WARN_DIRECT_OBJC_ISA_USAGE = YES_ERROR;
				CLANG_WARN_DOCUMENTATION_COMMENTS = YES;
				CLANG_WARN_EMPTY_BODY = YES;
				CLANG_WARN_ENUM_CONVERSION = YES;
				CLANG_WARN_INFINITE_RECURSION = YES;
				CLANG_WARN_INT_CONVERSION = YES;
				CLANG_WARN_NON_LITERAL_NULL_CONVERSION = YES;
				CLANG_WARN_OBJC_IMPLICIT_RETAIN_SELF = YES;
				CLANG_WARN_OBJC_LITERAL_CONVERSION = YES;
				CLANG_WARN_OBJC_ROOT_CLASS = YES_ERROR;
				CLANG_WARN_RANGE_LOOP_ANALYSIS = YES;
				CLANG_WARN_STRICT_PROTOTYPES = YES;
				CLANG_WARN_SUSPICIOUS_MOVE = YES;
				CLANG_WARN_UNGUARDED_AVAILABILITY = YES_AGGRESSIVE;
				CLANG_WARN_UNREACHABLE_CODE = YES;
				CLANG_WARN__DUPLICATE_METHOD_MATCH = YES;
				CODE_SIGN_IDENTITY = "iPhone Developer";
				COPY_PHASE_STRIP = NO;
				DEBUG_INFORMATION_FORMAT = "dwarf-with-dsym";
				ENABLE_NS_ASSERTIONS = NO;
				ENABLE_STRICT_OBJC_MSGSEND = YES;
				GCC_C_LANGUAGE_STANDARD = gnu11;
				GCC_NO_COMMON_BLOCKS = YES;
				GCC_WARN_64_TO_32_BIT_CONVERSION = YES;
				GCC_WARN_ABOUT_RETURN_TYPE = YES_ERROR;
				GCC_WARN_UNDECLARED_SELECTOR = YES;
				GCC_WARN_UNINITIALIZED_AUTOS = YES_AGGRESSIVE;
				GCC_WARN_UNUSED_FUNCTION = YES;
				GCC_WARN_UNUSED_VARIABLE = YES;
				IPHONEOS_DEPLOYMENT_TARGET = 11.3;
				MTL_ENABLE_DEBUG_INFO = NO;
				SDKROOT = iphoneos;
				SWIFT_COMPILATION_MODE = wholemodule;
				SWIFT_OPTIMIZATION_LEVEL = "-O";
				VALIDATE_PRODUCT = YES;
			};
			name = Release;
		};
		54ABBDC120B51A450083ED10 /* Debug */ = {
			isa = XCBuildConfiguration;
			buildSettings = {
				ASSETCATALOG_COMPILER_APPICON_NAME = AppIcon;
				CODE_SIGN_STYLE = Automatic;
				DEVELOPMENT_TEAM = CP8DV2ES9G;
				INFOPLIST_FILE = Todoey/Info.plist;
				LD_RUNPATH_SEARCH_PATHS = (
					"$(inherited)",
					"@executable_path/Frameworks",
				);
				PRODUCT_BUNDLE_IDENTIFIER = com.warrentsai.Todoey;
				PRODUCT_NAME = "$(TARGET_NAME)";
				SWIFT_VERSION = 4.0;
				TARGETED_DEVICE_FAMILY = "1,2";
			};
			name = Debug;
		};
		54ABBDC220B51A450083ED10 /* Release */ = {
			isa = XCBuildConfiguration;
			buildSettings = {
				ASSETCATALOG_COMPILER_APPICON_NAME = AppIcon;
				CODE_SIGN_STYLE = Automatic;
				DEVELOPMENT_TEAM = CP8DV2ES9G;
				INFOPLIST_FILE = Todoey/Info.plist;
				LD_RUNPATH_SEARCH_PATHS = (
					"$(inherited)",
					"@executable_path/Frameworks",
				);
				PRODUCT_BUNDLE_IDENTIFIER = com.warrentsai.Todoey;
				PRODUCT_NAME = "$(TARGET_NAME)";
				SWIFT_VERSION = 4.0;
				TARGETED_DEVICE_FAMILY = "1,2";
			};
			name = Release;
		};
/* End XCBuildConfiguration section */

/* Begin XCConfigurationList section */
		54ABBDA920B51A440083ED10 /* Build configuration list for PBXProject "Todoey" */ = {
			isa = XCConfigurationList;
			buildConfigurations = (
				54ABBDBE20B51A450083ED10 /* Debug */,
				54ABBDBF20B51A450083ED10 /* Release */,
			);
			defaultConfigurationIsVisible = 0;
			defaultConfigurationName = Release;
		};
		54ABBDC020B51A450083ED10 /* Build configuration list for PBXNativeTarget "Todoey" */ = {
			isa = XCConfigurationList;
			buildConfigurations = (
				54ABBDC120B51A450083ED10 /* Debug */,
				54ABBDC220B51A450083ED10 /* Release */,
			);
			defaultConfigurationIsVisible = 0;
			defaultConfigurationName = Release;
		};
/* End XCConfigurationList section */
	};
	rootObject = 54ABBDA620B51A440083ED10 /* Project object */;
}
